
Microsoft Visual Studio Solution File, Format Version 12.00
# Visual Studio 14
VisualStudioVersion = 14.0.25420.1
MinimumVisualStudioVersion = 10.0.40219.1
Project("{FAE04EC0-301F-11D3-BF4B-00C04F79EFBC}") = "SimpleLogHelper", "SimpleLogHelper\SimpleLogHelper.csproj", "{63CF08F3-E371-48E8-9D0D-6B034F455764}"
EndProject
Project("{FAE04EC0-301F-11D3-BF4B-00C04F79EFBC}") = "test", "test\test.csproj", "{683D0EA2-633D-4136-BCDC-3B2EE0EA36FE}"
	ProjectSection(ProjectDependencies) = postProject
		{6CFD0EF6-8D6E-47B6-A913-4B133DD9A27A} = {6CFD0EF6-8D6E-47B6-A913-4B133DD9A27A}
	EndProjectSection
EndProject
Project("{FAE04EC0-301F-11D3-BF4B-00C04F79EFBC}") = "TestModule", "TestModule\TestModule.csproj", "{6CFD0EF6-8D6E-47B6-A913-4B133DD9A27A}"
	ProjectSection(ProjectDependencies) = postProject
		{63CF08F3-E371-48E8-9D0D-6B034F455764} = {63CF08F3-E371-48E8-9D0D-6B034F455764}
	EndProjectSection
EndProject
Global
	GlobalSection(SolutionConfigurationPlatforms) = preSolution
		Debug|Any CPU = Debug|Any CPU
		Debug|x64 = Debug|x64
		Debug|x86 = Debug|x86
		Release|Any CPU = Release|Any CPU
		Release|x64 = Release|x64
		Release|x86 = Release|x86
	EndGlobalSection
	GlobalSection(ProjectConfigurationPlatforms) = postSolution
		{63CF08F3-E371-48E8-9D0D-6B034F455764}.Debug|Any CPU.ActiveCfg = Debug|Any CPU
		{63CF08F3-E371-48E8-9D0D-6B034F455764}.Debug|Any CPU.Build.0 = Debug|Any CPU
		{63CF08F3-E371-48E8-9D0D-6B034F455764}.Debug|x64.ActiveCfg = Debug|Any CPU
		{63CF08F3-E371-48E8-9D0D-6B034F455764}.Debug|x64.Build.0 = Debug|Any CPU
		{63CF08F3-E371-48E8-9D0D-6B034F455764}.Debug|x86.ActiveCfg = Debug|x86
		{63CF08F3-E371-48E8-9D0D-6B034F455764}.Debug|x86.Build.0 = Debug|x86
		{63CF08F3-E371-48E8-9D0D-6B034F455764}.Release|Any CPU.ActiveCfg = Release|Any CPU
		{63CF08F3-E371-48E8-9D0D-6B034F455764}.Release|Any CPU.Build.0 = Release|Any CPU
		{63CF08F3-E371-48E8-9D0D-6B034F455764}.Release|x64.ActiveCfg = Release|x64
		{63CF08F3-E371-48E8-9D0D-6B034F455764}.Release|x64.Build.0 = Release|x64
		{63CF08F3-E371-48E8-9D0D-6B034F455764}.Release|x86.ActiveCfg = Release|x86
		{63CF08F3-E371-48E8-9D0D-6B034F455764}.Release|x86.Build.0 = Release|x86
		{683D0EA2-633D-4136-BCDC-3B2EE0EA36FE}.Debug|Any CPU.ActiveCfg = Debug|Any CPU
		{683D0EA2-633D-4136-BCDC-3B2EE0EA36FE}.Debug|Any CPU.Build.0 = Debug|Any CPU
		{683D0EA2-633D-4136-BCDC-3B2EE0EA36FE}.Debug|x64.ActiveCfg = Debug|Any CPU
		{683D0EA2-633D-4136-BCDC-3B2EE0EA36FE}.Debug|x64.Build.0 = Debug|Any CPU
		{683D0EA2-633D-4136-BCDC-3B2EE0EA36FE}.Debug|x86.ActiveCfg = Debug|x86
		{683D0EA2-633D-4136-BCDC-3B2EE0EA36FE}.Debug|x86.Build.0 = Debug|x86
		{683D0EA2-633D-4136-BCDC-3B2EE0EA36FE}.Release|Any CPU.ActiveCfg = Release|Any CPU
		{683D0EA2-633D-4136-BCDC-3B2EE0EA36FE}.Release|Any CPU.Build.0 = Release|Any CPU
		{683D0EA2-633D-4136-BCDC-3B2EE0EA36FE}.Release|x64.ActiveCfg = Release|x64
		{683D0EA2-633D-4136-BCDC-3B2EE0EA36FE}.Release|x64.Build.0 = Release|x64
		{683D0EA2-633D-4136-BCDC-3B2EE0EA36FE}.Release|x86.ActiveCfg = Release|x86
		{683D0EA2-633D-4136-BCDC-3B2EE0EA36FE}.Release|x86.Build.0 = Release|x86
		{6CFD0EF6-8D6E-47B6-A913-4B133DD9A27A}.Debug|Any CPU.ActiveCfg = Debug|Any CPU
		{6CFD0EF6-8D6E-47B6-A913-4B133DD9A27A}.Debug|Any CPU.Build.0 = Debug|Any CPU
		{6CFD0EF6-8D6E-47B6-A913-4B133DD9A27A}.Debug|x64.ActiveCfg = Debug|Any CPU
		{6CFD0EF6-8D6E-47B6-A913-4B133DD9A27A}.Debug|x64.Build.0 = Debug|Any CPU
		{6CFD0EF6-8D6E-47B6-A913-4B133DD9A27A}.Debug|x86.ActiveCfg = Debug|x86
		{6CFD0EF6-8D6E-47B6-A913-4B133DD9A27A}.Debug|x86.Build.0 = Debug|x86
		{6CFD0EF6-8D6E-47B6-A913-4B133DD9A27A}.Release|Any CPU.ActiveCfg = Release|Any CPU
		{6CFD0EF6-8D6E-47B6-A913-4B133DD9A27A}.Release|Any CPU.Build.0 = Release|Any CPU
		{6CFD0EF6-8D6E-47B6-A913-4B133DD9A27A}.Release|x64.ActiveCfg = Release|x64
		{6CFD0EF6-8D6E-47B6-A913-4B133DD9A27A}.Release|x64.Build.0 = Release|x64
		{6CFD0EF6-8D6E-47B6-A913-4B133DD9A27A}.Release|x86.ActiveCfg = Release|x86
		{6CFD0EF6-8D6E-47B6-A913-4B133DD9A27A}.Release|x86.Build.0 = Release|x86
	EndGlobalSection
	GlobalSection(SolutionProperties) = preSolution
		HideSolutionNode = FALSE
	EndGlobalSection
EndGlobal
